// !$*UTF8*$!
{
	archiveVersion = 1;
	classes = {
	};
	objectVersion = 46;
	objects = {

/* Begin PBXAggregateTarget section */
		05BF88AD15D8CA08005EA20C /* Akimbo */ = {
			isa = PBXAggregateTarget;
			buildConfigurationList = 05BF88AE15D8CA08005EA20C /* Build configuration list for PBXAggregateTarget "Akimbo" */;
			buildPhases = (
				05BF88B115D8CA16005EA20C /* ShellScript */,
			);
			dependencies = (
			);
			name = Akimbo;
			productName = Akimbo;
		};
/* End PBXAggregateTarget section */

/* Begin PBXFileReference section */
		055E6F9B15FF090A002A3741 /* y_pillow_block.scad */ = {isa = PBXFileReference; fileEncoding = 4; lastKnownFileType = text; path = y_pillow_block.scad; sourceTree = "<group>"; };
		0570A3A315F88DAB00D3ADBF /* extruder_fan_shroud.scad */ = {isa = PBXFileReference; fileEncoding = 4; lastKnownFileType = text; path = extruder_fan_shroud.scad; sourceTree = "<group>"; };
		05979FB715F5889600B16693 /* akimbo_x_end.scad */ = {isa = PBXFileReference; fileEncoding = 4; lastKnownFileType = text; path = akimbo_x_end.scad; sourceTree = "<group>"; };
		05979FB815F5DD3300B16693 /* optical_endstop.scad */ = {isa = PBXFileReference; fileEncoding = 4; lastKnownFileType = text; path = optical_endstop.scad; sourceTree = "<group>"; };
		05979FB915F5E9AD00B16693 /* x_axis_plate.scad */ = {isa = PBXFileReference; fileEncoding = 4; lastKnownFileType = text; path = x_axis_plate.scad; sourceTree = "<group>"; };
		05B2F62116071F2C006AE370 /* x_axis_plate_2.stl */ = {isa = PBXFileReference; fileEncoding = 4; lastKnownFileType = text; path = x_axis_plate_2.stl; sourceTree = "<group>"; };
		05B2F63116084109006AE370 /* README.md */ = {isa = PBXFileReference; fileEncoding = 4; lastKnownFileType = text; path = README.md; sourceTree = "<group>"; };
		05B2F634160851B5006AE370 /* akimbo_endstop_mount.scad */ = {isa = PBXFileReference; fileEncoding = 4; lastKnownFileType = text; path = akimbo_endstop_mount.scad; sourceTree = "<group>"; };
		05B2F63516085386006AE370 /* akimbo_barclamp.scad */ = {isa = PBXFileReference; fileEncoding = 4; lastKnownFileType = text; path = akimbo_barclamp.scad; sourceTree = "<group>"; };
		05B2F636160858CA006AE370 /* y_axis_plate.scad */ = {isa = PBXFileReference; fileEncoding = 4; lastKnownFileType = text; path = y_axis_plate.scad; sourceTree = "<group>"; };
		05B2F6371608710D006AE370 /* akimbo_barclamp_@_4.stl */ = {isa = PBXFileReference; fileEncoding = 4; lastKnownFileType = text; path = "akimbo_barclamp_@_4.stl"; sourceTree = "<group>"; };
		05B2F6381608710D006AE370 /* akimbo_carriage_@_2.stl */ = {isa = PBXFileReference; fileEncoding = 4; lastKnownFileType = text; path = "akimbo_carriage_@_2.stl"; sourceTree = "<group>"; };
		05B2F6391608710D006AE370 /* akimbo_endstop_mount_@_2.stl */ = {isa = PBXFileReference; fileEncoding = 4; lastKnownFileType = text; path = "akimbo_endstop_mount_@_2.stl"; sourceTree = "<group>"; };
		05B2F63A1608710D006AE370 /* akimbo_extruder_@_1.stl */ = {isa = PBXFileReference; fileEncoding = 4; lastKnownFileType = text; path = "akimbo_extruder_@_1.stl"; sourceTree = "<group>"; };
		05B2F63B1608710D006AE370 /* akimbo_extruder_mirrored_@_1.stl */ = {isa = PBXFileReference; fileEncoding = 4; lastKnownFileType = text; path = "akimbo_extruder_mirrored_@_1.stl"; sourceTree = "<group>"; };
		05B2F63C1608710D006AE370 /* akimbo_x_end_left_@_1.stl */ = {isa = PBXFileReference; fileEncoding = 4; lastKnownFileType = text; path = "akimbo_x_end_left_@_1.stl"; sourceTree = "<group>"; };
		05B2F63D1608710D006AE370 /* akimbo_x_end_right_@_1.stl */ = {isa = PBXFileReference; fileEncoding = 4; lastKnownFileType = text; path = "akimbo_x_end_right_@_1.stl"; sourceTree = "<group>"; };
		05B2F63E1608710D006AE370 /* bottom_vertex_@_2.stl */ = {isa = PBXFileReference; fileEncoding = 4; lastKnownFileType = text; path = "bottom_vertex_@_2.stl"; sourceTree = "<group>"; };
		05B2F63F1608710D006AE370 /* bottom_vertex_mirrored_@_2.stl */ = {isa = PBXFileReference; fileEncoding = 4; lastKnownFileType = text; path = "bottom_vertex_mirrored_@_2.stl"; sourceTree = "<group>"; };
		05B2F6401608710D006AE370 /* top_vertex_@_2.stl */ = {isa = PBXFileReference; fileEncoding = 4; lastKnownFileType = text; path = "top_vertex_@_2.stl"; sourceTree = "<group>"; };
		05B2F6411608710D006AE370 /* y_pillow_block_@_1.stl */ = {isa = PBXFileReference; fileEncoding = 4; lastKnownFileType = text; path = "y_pillow_block_@_1.stl"; sourceTree = "<group>"; };
		05B2F6421608710D006AE370 /* z_bottom_frame_clamp_@_1.stl */ = {isa = PBXFileReference; fileEncoding = 4; lastKnownFileType = text; path = "z_bottom_frame_clamp_@_1.stl"; sourceTree = "<group>"; };
		05B2F6431608710D006AE370 /* z_bottom_frame_clamp_mirrored_@_1.stl */ = {isa = PBXFileReference; fileEncoding = 4; lastKnownFileType = text; path = "z_bottom_frame_clamp_mirrored_@_1.stl"; sourceTree = "<group>"; };
		05B2F6441608710D006AE370 /* z_linear_rod_clamp_@_4.stl */ = {isa = PBXFileReference; fileEncoding = 4; lastKnownFileType = text; path = "z_linear_rod_clamp_@_4.stl"; sourceTree = "<group>"; };
		05B2F64516087115006AE370 /* y_axis_plate.stl */ = {isa = PBXFileReference; fileEncoding = 4; lastKnownFileType = text; path = y_axis_plate.stl; sourceTree = "<group>"; };
		05BF88B215D8CA3B005EA20C /* build.sh */ = {isa = PBXFileReference; lastKnownFileType = text.script.sh; path = build.sh; sourceTree = "<group>"; };
		05BF88BC15D8E2F0005EA20C /* Parts.files */ = {isa = PBXFileReference; fileEncoding = 4; lastKnownFileType = text; path = Parts.files; sourceTree = "<group>"; };
		05BF88BD15D8E42E005EA20C /* Plates.files */ = {isa = PBXFileReference; fileEncoding = 4; lastKnownFileType = text; path = Plates.files; sourceTree = "<group>"; };
		05BF88C515D8E77C005EA20C /* frame_plate_1.stl */ = {isa = PBXFileReference; fileEncoding = 4; lastKnownFileType = text; path = frame_plate_1.stl; sourceTree = "<group>"; };
		05BF88C915D8E819005EA20C /* frame_plate_2.stl */ = {isa = PBXFileReference; fileEncoding = 4; lastKnownFileType = text; path = frame_plate_2.stl; sourceTree = "<group>"; };
		05BF88CA15D8E9AB005EA20C /* Parts.zip */ = {isa = PBXFileReference; lastKnownFileType = archive.zip; path = Parts.zip; sourceTree = "<group>"; };
		05BF88CB15D8E9B8005EA20C /* Plates.zip */ = {isa = PBXFileReference; lastKnownFileType = archive.zip; path = Plates.zip; sourceTree = "<group>"; };
		05BF88CC15D8EA79005EA20C /* assembly.stl */ = {isa = PBXFileReference; fileEncoding = 4; lastKnownFileType = text; path = assembly.stl; sourceTree = "<group>"; };
		05BF88CD15D8EAF6005EA20C /* to_do.txt */ = {isa = PBXFileReference; fileEncoding = 4; lastKnownFileType = text; path = to_do.txt; sourceTree = "<group>"; };
		05BF88CE15D8EB07005EA20C /* revisions.txt */ = {isa = PBXFileReference; fileEncoding = 4; lastKnownFileType = text; path = revisions.txt; sourceTree = "<group>"; };
		05DA55EB15EFF8F400CE72ED /* akimbo_carriage.scad */ = {isa = PBXFileReference; fileEncoding = 4; lastKnownFileType = text; path = akimbo_carriage.scad; sourceTree = "<group>"; };
		05E1A56515DB28CE0032B4DB /* z_linear_rod_clamp.scad */ = {isa = PBXFileReference; fileEncoding = 4; lastKnownFileType = text; path = z_linear_rod_clamp.scad; sourceTree = "<group>"; };
		05E9D3FD15D8B5CD00A8B259 /* assembly.scad */ = {isa = PBXFileReference; lastKnownFileType = text; path = assembly.scad; sourceTree = "<group>"; };
		05E9D3FE15D8B5CD00A8B259 /* barbell.scad */ = {isa = PBXFileReference; lastKnownFileType = text; path = barbell.scad; sourceTree = "<group>"; };
		05E9D3FF15D8B5CD00A8B259 /* bottom_vertex.scad */ = {isa = PBXFileReference; lastKnownFileType = text; path = bottom_vertex.scad; sourceTree = "<group>"; };
		05E9D40015D8B5CD00A8B259 /* configuration.scad */ = {isa = PBXFileReference; lastKnownFileType = text; path = configuration.scad; sourceTree = "<group>"; };
		05E9D40115D8B5CD00A8B259 /* dimensions.scad */ = {isa = PBXFileReference; lastKnownFileType = text; path = dimensions.scad; sourceTree = "<group>"; };
		05E9D40215D8B5CD00A8B259 /* drive_wheels.scad */ = {isa = PBXFileReference; lastKnownFileType = text; path = drive_wheels.scad; sourceTree = "<group>"; };
		05E9D40315D8B5CD00A8B259 /* frame_computations.scad */ = {isa = PBXFileReference; lastKnownFileType = text; path = frame_computations.scad; sourceTree = "<group>"; };
		05E9D40415D8B5CD00A8B259 /* frame_plate.scad */ = {isa = PBXFileReference; lastKnownFileType = text; path = frame_plate.scad; sourceTree = "<group>"; };
		05E9D40515D8B5CD00A8B259 /* functions.scad */ = {isa = PBXFileReference; lastKnownFileType = text; path = functions.scad; sourceTree = "<group>"; };
		05E9D40615D8B5CD00A8B259 /* more_configuration.scad */ = {isa = PBXFileReference; lastKnownFileType = text; path = more_configuration.scad; sourceTree = "<group>"; };
		05E9D40715D8B5CD00A8B259 /* motor.scad */ = {isa = PBXFileReference; lastKnownFileType = text; path = motor.scad; sourceTree = "<group>"; };
		05E9D40815D8B5CD00A8B259 /* pill.scad */ = {isa = PBXFileReference; lastKnownFileType = text; path = pill.scad; sourceTree = "<group>"; };
		05E9D40915D8B5CD00A8B259 /* teardrops.scad */ = {isa = PBXFileReference; lastKnownFileType = text; path = teardrops.scad; sourceTree = "<group>"; };
		05E9D40A15D8B5CD00A8B259 /* top_vertex.scad */ = {isa = PBXFileReference; lastKnownFileType = text; path = top_vertex.scad; sourceTree = "<group>"; };
		05E9D40B15D8B5CD00A8B259 /* z_bottom_frame_clamp.scad */ = {isa = PBXFileReference; lastKnownFileType = text; path = z_bottom_frame_clamp.scad; sourceTree = "<group>"; };
		05EE288715EC631E00EF4E9B /* akimbo_extruder.scad */ = {isa = PBXFileReference; fileEncoding = 4; lastKnownFileType = text; path = akimbo_extruder.scad; sourceTree = "<group>"; };
		05F2C04C15FC7BF0006E5198 /* vitamin.scad */ = {isa = PBXFileReference; fileEncoding = 4; lastKnownFileType = text; path = vitamin.scad; sourceTree = "<group>"; };
		05F2C04D15FDC99B006E5198 /* x_axis_plate_1.stl */ = {isa = PBXFileReference; fileEncoding = 4; lastKnownFileType = text; path = x_axis_plate_1.stl; sourceTree = "<group>"; };
/* End PBXFileReference section */

/* Begin PBXGroup section */
		0570A39515F8874000D3ADBF /* Parts */ = {
			isa = PBXGroup;
			children = (
				05B2F6371608710D006AE370 /* akimbo_barclamp_@_4.stl */,
				05B2F6381608710D006AE370 /* akimbo_carriage_@_2.stl */,
				05B2F6391608710D006AE370 /* akimbo_endstop_mount_@_2.stl */,
				05B2F63A1608710D006AE370 /* akimbo_extruder_@_1.stl */,
				05B2F63B1608710D006AE370 /* akimbo_extruder_mirrored_@_1.stl */,
				05B2F63C1608710D006AE370 /* akimbo_x_end_left_@_1.stl */,
				05B2F63D1608710D006AE370 /* akimbo_x_end_right_@_1.stl */,
				05B2F63E1608710D006AE370 /* bottom_vertex_@_2.stl */,
				05B2F63F1608710D006AE370 /* bottom_vertex_mirrored_@_2.stl */,
				05B2F6401608710D006AE370 /* top_vertex_@_2.stl */,
				05B2F6411608710D006AE370 /* y_pillow_block_@_1.stl */,
				05B2F6421608710D006AE370 /* z_bottom_frame_clamp_@_1.stl */,
				05B2F6431608710D006AE370 /* z_bottom_frame_clamp_mirrored_@_1.stl */,
				05B2F6441608710D006AE370 /* z_linear_rod_clamp_@_4.stl */,
			);
			path = Parts;
			sourceTree = "<group>";
		};
		05BF88C415D8E77C005EA20C /* Plates */ = {
			isa = PBXGroup;
			children = (
				05BF88C515D8E77C005EA20C /* frame_plate_1.stl */,
				05BF88C915D8E819005EA20C /* frame_plate_2.stl */,
				05F2C04D15FDC99B006E5198 /* x_axis_plate_1.stl */,
				05B2F62116071F2C006AE370 /* x_axis_plate_2.stl */,
				05B2F64516087115006AE370 /* y_axis_plate.stl */,
			);
			path = Plates;
			sourceTree = "<group>";
		};
		05E9D3F015D8B57300A8B259 = {
			isa = PBXGroup;
			children = (
				05B2F63116084109006AE370 /* README.md */,
				05BF88CE15D8EB07005EA20C /* revisions.txt */,
				05BF88CD15D8EAF6005EA20C /* to_do.txt */,
				05E9D3FC15D8B5CD00A8B259 /* Source */,
				0570A39515F8874000D3ADBF /* Parts */,
				05BF88C415D8E77C005EA20C /* Plates */,
				05BF88CA15D8E9AB005EA20C /* Parts.zip */,
				05BF88CB15D8E9B8005EA20C /* Plates.zip */,
				05BF88CC15D8EA79005EA20C /* assembly.stl */,
				05BF88BD15D8E42E005EA20C /* Plates.files */,
				05BF88BC15D8E2F0005EA20C /* Parts.files */,
				05BF88B215D8CA3B005EA20C /* build.sh */,
			);
			sourceTree = "<group>";
		};
		05E9D3FC15D8B5CD00A8B259 /* Source */ = {
			isa = PBXGroup;
			children = (
				05979FB715F5889600B16693 /* akimbo_x_end.scad */,
				05DA55EB15EFF8F400CE72ED /* akimbo_carriage.scad */,
				05EE288715EC631E00EF4E9B /* akimbo_extruder.scad */,
				05B2F634160851B5006AE370 /* akimbo_endstop_mount.scad */,
				05B2F63516085386006AE370 /* akimbo_barclamp.scad */,
				05E9D3FD15D8B5CD00A8B259 /* assembly.scad */,
				05E9D3FE15D8B5CD00A8B259 /* barbell.scad */,
				05E9D3FF15D8B5CD00A8B259 /* bottom_vertex.scad */,
				05E9D40015D8B5CD00A8B259 /* configuration.scad */,
				05E9D40115D8B5CD00A8B259 /* dimensions.scad */,
				05E9D40215D8B5CD00A8B259 /* drive_wheels.scad */,
				0570A3A315F88DAB00D3ADBF /* extruder_fan_shroud.scad */,
				05E9D40315D8B5CD00A8B259 /* frame_computations.scad */,
				05E9D40415D8B5CD00A8B259 /* frame_plate.scad */,
				05E9D40515D8B5CD00A8B259 /* functions.scad */,
				05E9D40615D8B5CD00A8B259 /* more_configuration.scad */,
				05E9D40715D8B5CD00A8B259 /* motor.scad */,
				05979FB815F5DD3300B16693 /* optical_endstop.scad */,
				05E9D40815D8B5CD00A8B259 /* pill.scad */,
				05E9D40915D8B5CD00A8B259 /* teardrops.scad */,
				05E9D40A15D8B5CD00A8B259 /* top_vertex.scad */,
				05979FB915F5E9AD00B16693 /* x_axis_plate.scad */,
				05B2F636160858CA006AE370 /* y_axis_plate.scad */,
				055E6F9B15FF090A002A3741 /* y_pillow_block.scad */,
				05E9D40B15D8B5CD00A8B259 /* z_bottom_frame_clamp.scad */,
				05E1A56515DB28CE0032B4DB /* z_linear_rod_clamp.scad */,
				05F2C04C15FC7BF0006E5198 /* vitamin.scad */,
			);
			path = Source;
			sourceTree = "<group>";
		};
/* End PBXGroup section */

/* Begin PBXProject section */
		05E9D3F215D8B57300A8B259 /* Project object */ = {
			isa = PBXProject;
			attributes = {
				LastUpgradeCheck = 0430;
				ORGANIZATIONNAME = "Software Architects, Inc.";
			};
			buildConfigurationList = 05E9D3F515D8B57300A8B259 /* Build configuration list for PBXProject "Akimbo" */;
			compatibilityVersion = "Xcode 3.2";
			developmentRegion = English;
			hasScannedForEncodings = 0;
			knownRegions = (
				en,
			);
			mainGroup = 05E9D3F015D8B57300A8B259;
			projectDirPath = "";
			projectRoot = "";
			targets = (
				05BF88AD15D8CA08005EA20C /* Akimbo */,
			);
		};
/* End PBXProject section */

/* Begin PBXShellScriptBuildPhase section */
		05BF88B115D8CA16005EA20C /* ShellScript */ = {
			isa = PBXShellScriptBuildPhase;
			buildActionMask = 2147483647;
			files = (
			);
			inputPaths = (
			);
			outputPaths = (
			);
			runOnlyForDeploymentPostprocessing = 0;
			shellPath = /bin/sh;
			shellScript = "chmod +x build.sh\n./build.sh\n";
		};
/* End PBXShellScriptBuildPhase section */

/* Begin XCBuildConfiguration section */
		05BF88AF15D8CA08005EA20C /* Debug */ = {
			isa = XCBuildConfiguration;
			buildSettings = {
				PRODUCT_NAME = "$(TARGET_NAME)";
			};
			name = Debug;
		};
		05BF88B015D8CA08005EA20C /* Release */ = {
			isa = XCBuildConfiguration;
			buildSettings = {
				PRODUCT_NAME = "$(TARGET_NAME)";
			};
			name = Release;
		};
		05E9D3F715D8B57300A8B259 /* Debug */ = {
			isa = XCBuildConfiguration;
			buildSettings = {
			};
			name = Debug;
		};
		05E9D3F815D8B57300A8B259 /* Release */ = {
			isa = XCBuildConfiguration;
			buildSettings = {
			};
			name = Release;
		};
/* End XCBuildConfiguration section */

/* Begin XCConfigurationList section */
		05BF88AE15D8CA08005EA20C /* Build configuration list for PBXAggregateTarget "Akimbo" */ = {
			isa = XCConfigurationList;
			buildConfigurations = (
				05BF88AF15D8CA08005EA20C /* Debug */,
				05BF88B015D8CA08005EA20C /* Release */,
			);
			defaultConfigurationIsVisible = 0;
			defaultConfigurationName = Release;
		};
		05E9D3F515D8B57300A8B259 /* Build configuration list for PBXProject "Akimbo" */ = {
			isa = XCConfigurationList;
			buildConfigurations = (
				05E9D3F715D8B57300A8B259 /* Debug */,
				05E9D3F815D8B57300A8B259 /* Release */,
			);
			defaultConfigurationIsVisible = 0;
			defaultConfigurationName = Release;
		};
/* End XCConfigurationList section */
	};
	rootObject = 05E9D3F215D8B57300A8B259 /* Project object */;
}
